
Microsoft Visual Studio Solution File, Format Version 12.00
# Visual Studio Version 17
VisualStudioVersion = 17.13.35828.75 d17.13
MinimumVisualStudioVersion = 10.0.40219.1
Project("{FAE04EC0-301F-11D3-BF4B-00C04F79EFBC}") = "görsel programlama proje en son", "görsel programlama proje en son\görsel programlama proje en son.csproj", "{0F8FB0D7-25B5-49BB-A277-16FBFDC5FDFE}"
EndProject
Global
	GlobalSection(SolutionConfigurationPlatforms) = preSolution
		Debug|Any CPU = Debug|Any CPU
		Release|Any CPU = Release|Any CPU
	EndGlobalSection
	GlobalSection(ProjectConfigurationPlatforms) = postSolution
		{0F8FB0D7-25B5-49BB-A277-16FBFDC5FDFE}.Debug|Any CPU.ActiveCfg = Debug|Any CPU
		{0F8FB0D7-25B5-49BB-A277-16FBFDC5FDFE}.Debug|Any CPU.Build.0 = Debug|Any CPU
		{0F8FB0D7-25B5-49BB-A277-16FBFDC5FDFE}.Release|Any CPU.ActiveCfg = Release|Any CPU
		{0F8FB0D7-25B5-49BB-A277-16FBFDC5FDFE}.Release|Any CPU.Build.0 = Release|Any CPU
	EndGlobalSection
	GlobalSection(SolutionProperties) = preSolution
		HideSolutionNode = FALSE
	EndGlobalSection
	GlobalSection(ExtensibilityGlobals) = postSolution
		SolutionGuid = {2CEE2F68-C5A2-4615-B272-A704AB6B653C}
	EndGlobalSection
EndGlobal
